
Microsoft Visual Studio Solution File, Format Version 12.00
# Visual Studio Version 16
VisualStudioVersion = 16.0.28803.202
MinimumVisualStudioVersion = 10.0.40219.1
Project("{FAE04EC0-301F-11D3-BF4B-00C04F79EFBC}") = "1st_lab_c_sharp(не доконца пока что)", "1st_lab_c_sharp(не доконца пока что).csproj", "{0BD2DB6D-322D-49D3-B76E-81C8983024E8}"
EndProject
Global
	GlobalSection(SolutionConfigurationPlatforms) = preSolution
		Debug|Any CPU = Debug|Any CPU
		Release|Any CPU = Release|Any CPU
	EndGlobalSection
	GlobalSection(ProjectConfigurationPlatforms) = postSolution
		{0BD2DB6D-322D-49D3-B76E-81C8983024E8}.Debug|Any CPU.ActiveCfg = Debug|Any CPU
		{0BD2DB6D-322D-49D3-B76E-81C8983024E8}.Debug|Any CPU.Build.0 = Debug|Any CPU
		{0BD2DB6D-322D-49D3-B76E-81C8983024E8}.Release|Any CPU.ActiveCfg = Release|Any CPU
		{0BD2DB6D-322D-49D3-B76E-81C8983024E8}.Release|Any CPU.Build.0 = Release|Any CPU
	EndGlobalSection
	GlobalSection(SolutionProperties) = preSolution
		HideSolutionNode = FALSE
	EndGlobalSection
	GlobalSection(ExtensibilityGlobals) = postSolution
		SolutionGuid = {07990CF6-63D3-47B8-A762-129BB5E6F619}
	EndGlobalSection
EndGlobal
