
Microsoft Visual Studio Solution File, Format Version 12.00
# Visual Studio Version 16
VisualStudioVersion = 16.0.28803.202
MinimumVisualStudioVersion = 10.0.40219.1
Project("{FAE04EC0-301F-11D3-BF4B-00C04F79EFBC}") = "KeyLogger", "KeyLogger.csproj", "{2DE2ED4D-549F-40A1-9700-071E06C8AD4A}"
EndProject
Global
	GlobalSection(SolutionConfigurationPlatforms) = preSolution
		Debug|Any CPU = Debug|Any CPU
		Release|Any CPU = Release|Any CPU
	EndGlobalSection
	GlobalSection(ProjectConfigurationPlatforms) = postSolution
		{2DE2ED4D-549F-40A1-9700-071E06C8AD4A}.Debug|Any CPU.ActiveCfg = Debug|Any CPU
		{2DE2ED4D-549F-40A1-9700-071E06C8AD4A}.Debug|Any CPU.Build.0 = Debug|Any CPU
		{2DE2ED4D-549F-40A1-9700-071E06C8AD4A}.Release|Any CPU.ActiveCfg = Release|Any CPU
		{2DE2ED4D-549F-40A1-9700-071E06C8AD4A}.Release|Any CPU.Build.0 = Release|Any CPU
	EndGlobalSection
	GlobalSection(SolutionProperties) = preSolution
		HideSolutionNode = FALSE
	EndGlobalSection
	GlobalSection(ExtensibilityGlobals) = postSolution
		SolutionGuid = {D899906D-7341-40EC-9200-ACD6CE9B74E4}
	EndGlobalSection
EndGlobal
