
Microsoft Visual Studio Solution File, Format Version 12.00
# Visual Studio Version 16
VisualStudioVersion = 16.0.31005.135
MinimumVisualStudioVersion = 10.0.40219.1
Project("{FAE04EC0-301F-11D3-BF4B-00C04F79EFBC}") = "FirstLab", "FirstLab\FirstLab.csproj", "{781391A3-20A5-4CE9-85AE-0152AFAA75DC}"
EndProject
Global
	GlobalSection(SolutionConfigurationPlatforms) = preSolution
		Debug|Any CPU = Debug|Any CPU
		Release|Any CPU = Release|Any CPU
	EndGlobalSection
	GlobalSection(ProjectConfigurationPlatforms) = postSolution
		{781391A3-20A5-4CE9-85AE-0152AFAA75DC}.Debug|Any CPU.ActiveCfg = Debug|Any CPU
		{781391A3-20A5-4CE9-85AE-0152AFAA75DC}.Debug|Any CPU.Build.0 = Debug|Any CPU
		{781391A3-20A5-4CE9-85AE-0152AFAA75DC}.Release|Any CPU.ActiveCfg = Release|Any CPU
		{781391A3-20A5-4CE9-85AE-0152AFAA75DC}.Release|Any CPU.Build.0 = Release|Any CPU
	EndGlobalSection
	GlobalSection(SolutionProperties) = preSolution
		HideSolutionNode = FALSE
	EndGlobalSection
	GlobalSection(ExtensibilityGlobals) = postSolution
		SolutionGuid = {7F147552-768F-4E61-822B-8A1FE68B07CE}
	EndGlobalSection
EndGlobal
