
Microsoft Visual Studio Solution File, Format Version 12.00
# Visual Studio Version 16
VisualStudioVersion = 16.0.28803.202
MinimumVisualStudioVersion = 10.0.40219.1
Project("{FAE04EC0-301F-11D3-BF4B-00C04F79EFBC}") = "app", "app.csproj", "{C532C83B-1F91-46AF-936E-1656938F80F6}"
EndProject
Global
	GlobalSection(SolutionConfigurationPlatforms) = preSolution
		Debug|Any CPU = Debug|Any CPU
		Release|Any CPU = Release|Any CPU
	EndGlobalSection
	GlobalSection(ProjectConfigurationPlatforms) = postSolution
		{C532C83B-1F91-46AF-936E-1656938F80F6}.Debug|Any CPU.ActiveCfg = Debug|Any CPU
		{C532C83B-1F91-46AF-936E-1656938F80F6}.Debug|Any CPU.Build.0 = Debug|Any CPU
		{C532C83B-1F91-46AF-936E-1656938F80F6}.Release|Any CPU.ActiveCfg = Release|Any CPU
		{C532C83B-1F91-46AF-936E-1656938F80F6}.Release|Any CPU.Build.0 = Release|Any CPU
	EndGlobalSection
	GlobalSection(SolutionProperties) = preSolution
		HideSolutionNode = FALSE
	EndGlobalSection
	GlobalSection(ExtensibilityGlobals) = postSolution
		SolutionGuid = {F639E01C-F461-4310-9E78-B60E7842D9AD}
	EndGlobalSection
EndGlobal
