
Microsoft Visual Studio Solution File, Format Version 12.00
# Visual Studio Version 16
VisualStudioVersion = 16.0.28803.202
MinimumVisualStudioVersion = 10.0.40219.1
Project("{FAE04EC0-301F-11D3-BF4B-00C04F79EFBC}") = "WW", "WW.csproj", "{6B7A718F-D9DA-4E21-85EA-CCA4E4C1CBE3}"
EndProject
Global
	GlobalSection(SolutionConfigurationPlatforms) = preSolution
		Debug|Any CPU = Debug|Any CPU
		Release|Any CPU = Release|Any CPU
	EndGlobalSection
	GlobalSection(ProjectConfigurationPlatforms) = postSolution
		{6B7A718F-D9DA-4E21-85EA-CCA4E4C1CBE3}.Debug|Any CPU.ActiveCfg = Debug|Any CPU
		{6B7A718F-D9DA-4E21-85EA-CCA4E4C1CBE3}.Debug|Any CPU.Build.0 = Debug|Any CPU
		{6B7A718F-D9DA-4E21-85EA-CCA4E4C1CBE3}.Release|Any CPU.ActiveCfg = Release|Any CPU
		{6B7A718F-D9DA-4E21-85EA-CCA4E4C1CBE3}.Release|Any CPU.Build.0 = Release|Any CPU
	EndGlobalSection
	GlobalSection(SolutionProperties) = preSolution
		HideSolutionNode = FALSE
	EndGlobalSection
	GlobalSection(ExtensibilityGlobals) = postSolution
		SolutionGuid = {ED48DA72-9666-4C59-AA57-AECC5C98AF72}
	EndGlobalSection
EndGlobal
